
Microsoft Visual Studio Solution File, Format Version 12.00
# Visual Studio Version 17
VisualStudioVersion = 17.3.32929.385
MinimumVisualStudioVersion = 10.0.40219.1
Project("{FAE04EC0-301F-11D3-BF4B-00C04F79EFBC}") = "WebTest.Client", "WebTest\Client\WebTest.Client.csproj", "{B74AC696-F457-4F50-BA59-97485CAB48B8}"
EndProject
Global
	GlobalSection(SolutionConfigurationPlatforms) = preSolution
		Debug|Any CPU = Debug|Any CPU
		Release|Any CPU = Release|Any CPU
	EndGlobalSection
	GlobalSection(ProjectConfigurationPlatforms) = postSolution
		{B74AC696-F457-4F50-BA59-97485CAB48B8}.Debug|Any CPU.ActiveCfg = Debug|Any CPU
		{B74AC696-F457-4F50-BA59-97485CAB48B8}.Debug|Any CPU.Build.0 = Debug|Any CPU
		{B74AC696-F457-4F50-BA59-97485CAB48B8}.Release|Any CPU.ActiveCfg = Release|Any CPU
		{B74AC696-F457-4F50-BA59-97485CAB48B8}.Release|Any CPU.Build.0 = Release|Any CPU
	EndGlobalSection
	GlobalSection(SolutionProperties) = preSolution
		HideSolutionNode = FALSE
	EndGlobalSection
	GlobalSection(ExtensibilityGlobals) = postSolution
		SolutionGuid = {B36330DF-7634-4511-8CB1-13FD0F84D461}
	EndGlobalSection
EndGlobal
